<?xml version="1.0" encoding="utf-8"?>
<Project ToolsVersion="4.0" xmlns="http://schemas.microsoft.com/developer/msbuild/2003">
  <ItemGroup>
    <Filter Include="Source Files">
      <UniqueIdentifier>{c873a1c2-3a84-4dc6-a461-43b9ee5ea174}</UniqueIdentifier>
      <Extensions>cpp;c;cxx;rc;def;r;odl;idl;hpj;bat</Extensions>
    </Filter>
    <Filter Include="Header Files">
      <UniqueIdentifier>{77a86aad-a26b-4f82-990f-3d9022c616f1}</UniqueIdentifier>
      <Extensions>h;hpp;hxx;hm;inl</Extensions>
    </Filter>
    <Filter Include="Resource Files">
      <UniqueIdentifier>{11b27ef8-568a-4305-b228-79496705f58d}</UniqueIdentifier>
    </Filter>
  </ItemGroup>
  <ItemGroup>
    <ClCompile Include="CHoopsApp.cpp">
      <Filter>Source Files</Filter>
    </ClCompile>
    <ClCompile Include="CHoopsDoc.cpp">
      <Filter>Source Files</Filter>
    </ClCompile>
    <ClCompile Include="CHoopsFrm.cpp">
      <Filter>Source Files</Filter>
    </ClCompile>
    <ClCompile Include="CHoopsView.cpp">
      <Filter>Source Files</Filter>
    </ClCompile>
    <ClCompile Include="CTDriver.cpp">
      <Filter>Source Files</Filter>
    </ClCompile>
    <ClCompile Include="HIOUtilityGDIOutput.cpp">
      <Filter>Source Files</Filter>
    </ClCompile>
    <ClCompile Include="StdAfx.cpp">
      <Filter>Source Files</Filter>
    </ClCompile>
  </ItemGroup>
  <ItemGroup>
    <ClInclude Include="CHoopsApp.h">
      <Filter>Header Files</Filter>
    </ClInclude>
    <ClInclude Include="CHoopsDoc.h">
      <Filter>Header Files</Filter>
    </ClInclude>
    <ClInclude Include="CHoopsFrm.h">
      <Filter>Header Files</Filter>
    </ClInclude>
    <ClInclude Include="CHoopsView.h">
      <Filter>Header Files</Filter>
    </ClInclude>
    <ClInclude Include="CTDriver.h">
      <Filter>Header Files</Filter>
    </ClInclude>
    <ClInclude Include="HIOUtilityGDIOutput.h">
      <Filter>Header Files</Filter>
    </ClInclude>
    <ClInclude Include="HMFCGlobals.h">
      <Filter>Header Files</Filter>
    </ClInclude>
    <ClInclude Include="resource.h">
      <Filter>Header Files</Filter>
    </ClInclude>
    <ClInclude Include="StdAfx.h">
      <Filter>Header Files</Filter>
    </ClInclude>
  </ItemGroup>
  <ItemGroup>
    <ResourceCompile Include="hoops_mfc_static.rc">
      <Filter>Resource Files</Filter>
    </ResourceCompile>
  </ItemGroup>
</Project>