
Microsoft Visual Studio Solution File, Format Version 12.00
# Visual Studio 2013
VisualStudioVersion = 12.0.40629.0
MinimumVisualStudioVersion = 10.0.40219.1
Project("{8BC9CEB8-8B4A-11D0-8D11-00A0C91BC942}") = "BM23DTile", "BM23DTile\BM23DTile.vcxproj", "{C913F159-2116-4673-9C0B-CFFE6D259F21}"
EndProject
Global
	GlobalSection(SolutionConfigurationPlatforms) = preSolution
		Debug|Win32 = Debug|Win32
		Debug|x64 = Debug|x64
		Release|Win32 = Release|Win32
		Release|x64 = Release|x64
	EndGlobalSection
	GlobalSection(ProjectConfigurationPlatforms) = postSolution
		{C913F159-2116-4673-9C0B-CFFE6D259F21}.Debug|Win32.ActiveCfg = Debug|Win32
		{C913F159-2116-4673-9C0B-CFFE6D259F21}.Debug|Win32.Build.0 = Debug|Win32
		{C913F159-2116-4673-9C0B-CFFE6D259F21}.Debug|x64.ActiveCfg = Debug|x64
		{C913F159-2116-4673-9C0B-CFFE6D259F21}.Debug|x64.Build.0 = Debug|x64
		{C913F159-2116-4673-9C0B-CFFE6D259F21}.Release|Win32.ActiveCfg = Release|Win32
		{C913F159-2116-4673-9C0B-CFFE6D259F21}.Release|Win32.Build.0 = Release|Win32
		{C913F159-2116-4673-9C0B-CFFE6D259F21}.Release|x64.ActiveCfg = Release|x64
		{C913F159-2116-4673-9C0B-CFFE6D259F21}.Release|x64.Build.0 = Release|x64
	EndGlobalSection
	GlobalSection(SolutionProperties) = preSolution
		HideSolutionNode = FALSE
	EndGlobalSection
EndGlobal
