<?xml version="1.0" encoding="utf-8"?>
<Project ToolsVersion="4.0" xmlns="http://schemas.microsoft.com/developer/msbuild/2003">
  <ItemGroup>
    <Filter Include="Header Files">
      <UniqueIdentifier>{ac71cbd6-bc17-4bf3-a27f-365c64091985}</UniqueIdentifier>
    </Filter>
    <Filter Include="Jpeg">
      <UniqueIdentifier>{49ae8bf7-8595-418e-99e7-6057cdc4c48a}</UniqueIdentifier>
    </Filter>
    <Filter Include="Resource Files">
      <UniqueIdentifier>{d04e4fdf-8372-4c4e-ac9d-50d1e0b63936}</UniqueIdentifier>
    </Filter>
    <Filter Include="Source Files">
      <UniqueIdentifier>{be610147-7cda-4ac7-ba8b-d69b61c5fa33}</UniqueIdentifier>
    </Filter>
    <Filter Include="zlib-1.2.5">
      <UniqueIdentifier>{c5f8384e-ac19-4a05-8986-e27dd30e42a3}</UniqueIdentifier>
    </Filter>
  </ItemGroup>
  <ItemGroup>
    <ClInclude Include="HByteStream.h">
      <Filter>Header Files</Filter>
    </ClInclude>
    <ClInclude Include="HOpcodeHandler.h">
      <Filter>Header Files</Filter>
    </ClInclude>
    <ClInclude Include="HOpcodeShell.h">
      <Filter>Header Files</Filter>
    </ClInclude>
    <ClInclude Include="HPolyhedron.h">
      <Filter>Header Files</Filter>
    </ClInclude>
    <ClInclude Include="HPolyPoly.h">
      <Filter>Header Files</Filter>
    </ClInclude>
    <ClInclude Include="HStream.h">
      <Filter>Header Files</Filter>
    </ClInclude>
    <ClInclude Include="HStreamFileToolkit.h">
      <Filter>Header Files</Filter>
    </ClInclude>
    <ClInclude Include="..\..\base_stream\source\stream_common\BByteStream.h">
      <Filter>Header Files</Filter>
    </ClInclude>
    <ClInclude Include="..\..\base_stream\source\stream_common\BCompress.h">
      <Filter>Header Files</Filter>
    </ClInclude>
    <ClInclude Include="..\..\base_stream\source\stream_common\BEdgeBreaker.h">
      <Filter>Header Files</Filter>
    </ClInclude>
    <ClInclude Include="..\..\base_stream\source\stream_common\BInternal.h">
      <Filter>Header Files</Filter>
    </ClInclude>
    <ClInclude Include="..\..\base_stream\source\stream_common\BOpcodeHandler.h">
      <Filter>Header Files</Filter>
    </ClInclude>
    <ClInclude Include="..\..\base_stream\source\stream_common\BOpcodeShell.h">
      <Filter>Header Files</Filter>
    </ClInclude>
    <ClInclude Include="..\..\base_stream\source\stream_common\BPointCloud.h">
      <Filter>Header Files</Filter>
    </ClInclude>
    <ClInclude Include="..\..\base_stream\source\stream_common\BPolyhedron.h">
      <Filter>Header Files</Filter>
    </ClInclude>
    <ClInclude Include="..\..\base_stream\source\stream_common\BPolyPoly.h">
      <Filter>Header Files</Filter>
    </ClInclude>
    <ClInclude Include="..\..\base_stream\source\stream_common\BStream.h">
      <Filter>Header Files</Filter>
    </ClInclude>
    <ClInclude Include="..\..\base_stream\source\stream_common\BStreamFileToolkit.h">
      <Filter>Header Files</Filter>
    </ClInclude>
    <ClInclude Include="..\..\base_stream\source\stream_common\BStreamMemory.h">
      <Filter>Header Files</Filter>
    </ClInclude>
    <ClInclude Include="..\..\base_stream\source\stream_common\vwrapper_stream.h">
      <Filter>Header Files</Filter>
    </ClInclude>
    <ClInclude Include="..\..\3rdParty\Jpeg\jversion.h">
      <Filter>Jpeg</Filter>
    </ClInclude>
    <ClInclude Include="..\..\3rdParty\Jpeg\jchuff.h">
      <Filter>Jpeg</Filter>
    </ClInclude>
    <ClInclude Include="..\..\3rdParty\Jpeg\jdct.h">
      <Filter>Jpeg</Filter>
    </ClInclude>
    <ClInclude Include="..\..\3rdParty\Jpeg\jdhuff.h">
      <Filter>Jpeg</Filter>
    </ClInclude>
    <ClInclude Include="..\..\3rdParty\Jpeg\jerror.h">
      <Filter>Jpeg</Filter>
    </ClInclude>
    <ClInclude Include="..\..\3rdParty\Jpeg\jinclude.h">
      <Filter>Jpeg</Filter>
    </ClInclude>
    <ClInclude Include="..\..\3rdParty\Jpeg\jmemsys.h">
      <Filter>Jpeg</Filter>
    </ClInclude>
    <ClInclude Include="..\..\3rdParty\Jpeg\jmorecfg.h">
      <Filter>Jpeg</Filter>
    </ClInclude>
    <ClInclude Include="..\..\3rdParty\Jpeg\jpegint.h">
      <Filter>Jpeg</Filter>
    </ClInclude>
    <ClInclude Include="..\..\3rdParty\Jpeg\jpeglib.h">
      <Filter>Jpeg</Filter>
    </ClInclude>
    <ClInclude Include="..\..\3rdParty\zlib-1.2.5\crc32.h">
      <Filter>zlib-1.2.5</Filter>
    </ClInclude>
    <ClInclude Include="..\..\3rdParty\zlib-1.2.5\deflate.h">
      <Filter>zlib-1.2.5</Filter>
    </ClInclude>
    <ClInclude Include="..\..\3rdParty\zlib-1.2.5\gzguts.h">
      <Filter>zlib-1.2.5</Filter>
    </ClInclude>
    <ClInclude Include="..\..\3rdParty\zlib-1.2.5\inffast.h">
      <Filter>zlib-1.2.5</Filter>
    </ClInclude>
    <ClInclude Include="..\..\3rdParty\zlib-1.2.5\inffixed.h">
      <Filter>zlib-1.2.5</Filter>
    </ClInclude>
    <ClInclude Include="..\..\3rdParty\zlib-1.2.5\inflate.h">
      <Filter>zlib-1.2.5</Filter>
    </ClInclude>
    <ClInclude Include="..\..\3rdParty\zlib-1.2.5\inftrees.h">
      <Filter>zlib-1.2.5</Filter>
    </ClInclude>
    <ClInclude Include="..\..\3rdParty\zlib-1.2.5\trees.h">
      <Filter>zlib-1.2.5</Filter>
    </ClInclude>
    <ClInclude Include="..\..\3rdParty\zlib-1.2.5\win_zconf.h">
      <Filter>zlib-1.2.5</Filter>
    </ClInclude>
    <ClInclude Include="..\..\3rdParty\zlib-1.2.5\zlib.h">
      <Filter>zlib-1.2.5</Filter>
    </ClInclude>
    <ClInclude Include="..\..\3rdParty\zlib-1.2.5\zutil.h">
      <Filter>zlib-1.2.5</Filter>
    </ClInclude>
  </ItemGroup>
  <ItemGroup>
    <ClCompile Include="..\..\3rdParty\Jpeg\jcapimin.c">
      <Filter>Jpeg</Filter>
    </ClCompile>
    <ClCompile Include="..\..\3rdParty\Jpeg\jutils.c">
      <Filter>Jpeg</Filter>
    </ClCompile>
    <ClCompile Include="..\..\3rdParty\Jpeg\jcapistd.c">
      <Filter>Jpeg</Filter>
    </ClCompile>
    <ClCompile Include="..\..\3rdParty\Jpeg\jccoefct.c">
      <Filter>Jpeg</Filter>
    </ClCompile>
    <ClCompile Include="..\..\3rdParty\Jpeg\jccolor.c">
      <Filter>Jpeg</Filter>
    </ClCompile>
    <ClCompile Include="..\..\3rdParty\Jpeg\jcdctmgr.c">
      <Filter>Jpeg</Filter>
    </ClCompile>
    <ClCompile Include="..\..\3rdParty\Jpeg\jchuff.c">
      <Filter>Jpeg</Filter>
    </ClCompile>
    <ClCompile Include="..\..\3rdParty\Jpeg\jcinit.c">
      <Filter>Jpeg</Filter>
    </ClCompile>
    <ClCompile Include="..\..\3rdParty\Jpeg\jcmainct.c">
      <Filter>Jpeg</Filter>
    </ClCompile>
    <ClCompile Include="..\..\3rdParty\Jpeg\jcmarker.c">
      <Filter>Jpeg</Filter>
    </ClCompile>
    <ClCompile Include="..\..\3rdParty\Jpeg\jcmaster.c">
      <Filter>Jpeg</Filter>
    </ClCompile>
    <ClCompile Include="..\..\3rdParty\Jpeg\jcomapi.c">
      <Filter>Jpeg</Filter>
    </ClCompile>
    <ClCompile Include="..\..\3rdParty\Jpeg\jcparam.c">
      <Filter>Jpeg</Filter>
    </ClCompile>
    <ClCompile Include="..\..\3rdParty\Jpeg\jcphuff.c">
      <Filter>Jpeg</Filter>
    </ClCompile>
    <ClCompile Include="..\..\3rdParty\Jpeg\jcprepct.c">
      <Filter>Jpeg</Filter>
    </ClCompile>
    <ClCompile Include="..\..\3rdParty\Jpeg\jcsample.c">
      <Filter>Jpeg</Filter>
    </ClCompile>
    <ClCompile Include="..\..\3rdParty\Jpeg\jctrans.c">
      <Filter>Jpeg</Filter>
    </ClCompile>
    <ClCompile Include="..\..\3rdParty\Jpeg\jdapimin.c">
      <Filter>Jpeg</Filter>
    </ClCompile>
    <ClCompile Include="..\..\3rdParty\Jpeg\jdapistd.c">
      <Filter>Jpeg</Filter>
    </ClCompile>
    <ClCompile Include="..\..\3rdParty\Jpeg\jdatadst.c">
      <Filter>Jpeg</Filter>
    </ClCompile>
    <ClCompile Include="..\..\3rdParty\Jpeg\jdatasrc.c">
      <Filter>Jpeg</Filter>
    </ClCompile>
    <ClCompile Include="..\..\3rdParty\Jpeg\jdcoefct.c">
      <Filter>Jpeg</Filter>
    </ClCompile>
    <ClCompile Include="..\..\3rdParty\Jpeg\jdcolor.c">
      <Filter>Jpeg</Filter>
    </ClCompile>
    <ClCompile Include="..\..\3rdParty\Jpeg\jddctmgr.c">
      <Filter>Jpeg</Filter>
    </ClCompile>
    <ClCompile Include="..\..\3rdParty\Jpeg\jdhuff.c">
      <Filter>Jpeg</Filter>
    </ClCompile>
    <ClCompile Include="..\..\3rdParty\Jpeg\jdinput.c">
      <Filter>Jpeg</Filter>
    </ClCompile>
    <ClCompile Include="..\..\3rdParty\Jpeg\jdmainct.c">
      <Filter>Jpeg</Filter>
    </ClCompile>
    <ClCompile Include="..\..\3rdParty\Jpeg\jdmarker.c">
      <Filter>Jpeg</Filter>
    </ClCompile>
    <ClCompile Include="..\..\3rdParty\Jpeg\jdmaster.c">
      <Filter>Jpeg</Filter>
    </ClCompile>
    <ClCompile Include="..\..\3rdParty\Jpeg\jdmerge.c">
      <Filter>Jpeg</Filter>
    </ClCompile>
    <ClCompile Include="..\..\3rdParty\Jpeg\jdphuff.c">
      <Filter>Jpeg</Filter>
    </ClCompile>
    <ClCompile Include="..\..\3rdParty\Jpeg\jdpostct.c">
      <Filter>Jpeg</Filter>
    </ClCompile>
    <ClCompile Include="..\..\3rdParty\Jpeg\jdsample.c">
      <Filter>Jpeg</Filter>
    </ClCompile>
    <ClCompile Include="..\..\3rdParty\Jpeg\jdtrans.c">
      <Filter>Jpeg</Filter>
    </ClCompile>
    <ClCompile Include="..\..\3rdParty\Jpeg\jerror.c">
      <Filter>Jpeg</Filter>
    </ClCompile>
    <ClCompile Include="..\..\3rdParty\Jpeg\jfdctflt.c">
      <Filter>Jpeg</Filter>
    </ClCompile>
    <ClCompile Include="..\..\3rdParty\Jpeg\jfdctfst.c">
      <Filter>Jpeg</Filter>
    </ClCompile>
    <ClCompile Include="..\..\3rdParty\Jpeg\jfdctint.c">
      <Filter>Jpeg</Filter>
    </ClCompile>
    <ClCompile Include="..\..\3rdParty\Jpeg\jidctflt.c">
      <Filter>Jpeg</Filter>
    </ClCompile>
    <ClCompile Include="..\..\3rdParty\Jpeg\jidctfst.c">
      <Filter>Jpeg</Filter>
    </ClCompile>
    <ClCompile Include="..\..\3rdParty\Jpeg\jidctint.c">
      <Filter>Jpeg</Filter>
    </ClCompile>
    <ClCompile Include="..\..\3rdParty\Jpeg\jidctred.c">
      <Filter>Jpeg</Filter>
    </ClCompile>
    <ClCompile Include="..\..\3rdParty\Jpeg\jmemmgr.c">
      <Filter>Jpeg</Filter>
    </ClCompile>
    <ClCompile Include="..\..\3rdParty\Jpeg\jmemnobs.c">
      <Filter>Jpeg</Filter>
    </ClCompile>
    <ClCompile Include="..\..\3rdParty\Jpeg\jquant1.c">
      <Filter>Jpeg</Filter>
    </ClCompile>
    <ClCompile Include="..\..\3rdParty\Jpeg\jquant2.c">
      <Filter>Jpeg</Filter>
    </ClCompile>
    <ClCompile Include="HOpcodeHandler.cpp">
      <Filter>Source Files</Filter>
    </ClCompile>
    <ClCompile Include="HOpcodeShell.cpp">
      <Filter>Source Files</Filter>
    </ClCompile>
    <ClCompile Include="HPolyhedron.cpp">
      <Filter>Source Files</Filter>
    </ClCompile>
    <ClCompile Include="HPolyPoly.cpp">
      <Filter>Source Files</Filter>
    </ClCompile>
    <ClCompile Include="HStream.cpp">
      <Filter>Source Files</Filter>
    </ClCompile>
    <ClCompile Include="HStreamFileToolkit.cpp">
      <Filter>Source Files</Filter>
    </ClCompile>
    <ClCompile Include="..\..\base_stream\source\stream_common\BAscii.cpp">
      <Filter>Source Files</Filter>
    </ClCompile>
    <ClCompile Include="..\..\base_stream\source\stream_common\BCompress.cpp">
      <Filter>Source Files</Filter>
    </ClCompile>
    <ClCompile Include="..\..\base_stream\source\stream_common\BCompressData.cpp">
      <Filter>Source Files</Filter>
    </ClCompile>
    <ClCompile Include="..\..\base_stream\source\stream_common\BEdgeBreakerCommon.cpp">
      <Filter>Source Files</Filter>
    </ClCompile>
    <ClCompile Include="..\..\base_stream\source\stream_common\BEdgeBreakerCompress.cpp">
      <Filter>Source Files</Filter>
    </ClCompile>
    <ClCompile Include="..\..\base_stream\source\stream_common\BEdgeBreakerDecompress.cpp">
      <Filter>Source Files</Filter>
    </ClCompile>
    <ClCompile Include="..\..\base_stream\source\stream_common\BOpcodeHandler.cpp">
      <Filter>Source Files</Filter>
    </ClCompile>
    <ClCompile Include="..\..\base_stream\source\stream_common\BOpcodeShell.cpp">
      <Filter>Source Files</Filter>
    </ClCompile>
    <ClCompile Include="..\..\base_stream\source\stream_common\BOpcodeShellAscii.cpp">
      <Filter>Source Files</Filter>
    </ClCompile>
    <ClCompile Include="..\..\base_stream\source\stream_common\BPointCloud.cpp">
      <Filter>Source Files</Filter>
    </ClCompile>
    <ClCompile Include="..\..\base_stream\source\stream_common\BPolyhedron.cpp">
      <Filter>Source Files</Filter>
    </ClCompile>
    <ClCompile Include="..\..\base_stream\source\stream_common\BPolyhedronAscii.cpp">
      <Filter>Source Files</Filter>
    </ClCompile>
    <ClCompile Include="..\..\base_stream\source\stream_common\BPolyPoly.cpp">
      <Filter>Source Files</Filter>
    </ClCompile>
    <ClCompile Include="..\..\base_stream\source\stream_common\BStreamFileToolkit.cpp">
      <Filter>Source Files</Filter>
    </ClCompile>
    <ClCompile Include="..\..\base_stream\source\stream_common\vwrapper_stream.cpp">
      <Filter>Source Files</Filter>
    </ClCompile>
    <ClCompile Include="..\..\3rdParty\zlib-1.2.5\adler32.c">
      <Filter>zlib-1.2.5</Filter>
    </ClCompile>
    <ClCompile Include="..\..\3rdParty\zlib-1.2.5\gzwrite.c">
      <Filter>zlib-1.2.5</Filter>
    </ClCompile>
    <ClCompile Include="..\..\3rdParty\zlib-1.2.5\compress.c">
      <Filter>zlib-1.2.5</Filter>
    </ClCompile>
    <ClCompile Include="..\..\3rdParty\zlib-1.2.5\crc32.c">
      <Filter>zlib-1.2.5</Filter>
    </ClCompile>
    <ClCompile Include="..\..\3rdParty\zlib-1.2.5\deflate.c">
      <Filter>zlib-1.2.5</Filter>
    </ClCompile>
    <ClCompile Include="..\..\3rdParty\zlib-1.2.5\gzclose.c">
      <Filter>zlib-1.2.5</Filter>
    </ClCompile>
    <ClCompile Include="..\..\3rdParty\zlib-1.2.5\gzlib.c">
      <Filter>zlib-1.2.5</Filter>
    </ClCompile>
    <ClCompile Include="..\..\3rdParty\zlib-1.2.5\gzread.c">
      <Filter>zlib-1.2.5</Filter>
    </ClCompile>
    <ClCompile Include="..\..\3rdParty\zlib-1.2.5\infback.c">
      <Filter>zlib-1.2.5</Filter>
    </ClCompile>
    <ClCompile Include="..\..\3rdParty\zlib-1.2.5\inffast.c">
      <Filter>zlib-1.2.5</Filter>
    </ClCompile>
    <ClCompile Include="..\..\3rdParty\zlib-1.2.5\inflate.c">
      <Filter>zlib-1.2.5</Filter>
    </ClCompile>
    <ClCompile Include="..\..\3rdParty\zlib-1.2.5\inftrees.c">
      <Filter>zlib-1.2.5</Filter>
    </ClCompile>
    <ClCompile Include="..\..\3rdParty\zlib-1.2.5\trees.c">
      <Filter>zlib-1.2.5</Filter>
    </ClCompile>
    <ClCompile Include="..\..\3rdParty\zlib-1.2.5\uncompr.c">
      <Filter>zlib-1.2.5</Filter>
    </ClCompile>
    <ClCompile Include="..\..\3rdParty\zlib-1.2.5\zutil.c">
      <Filter>zlib-1.2.5</Filter>
    </ClCompile>
    <ClCompile Include="parse.cpp">
      <Filter>Source Files</Filter>
    </ClCompile>
    <ClCompile Include="pattern.cpp">
      <Filter>Source Files</Filter>
    </ClCompile>
  </ItemGroup>
  <ItemGroup>
    <ResourceCompile Include="hoops_stream.rc">
      <Filter>Resource Files</Filter>
    </ResourceCompile>
  </ItemGroup>
</Project>