<?xml version="1.0" encoding="utf-8"?>
<Project ToolsVersion="4.0" xmlns="http://schemas.microsoft.com/developer/msbuild/2003">
  <ItemGroup>
    <Filter Include="Header">
      <UniqueIdentifier>{f8a3e607-49e7-4e4a-a5f1-596b4b3456cc}</UniqueIdentifier>
    </Filter>
    <Filter Include="Source">
      <UniqueIdentifier>{32c4a758-03ab-491b-8f15-60be4f6ea4b4}</UniqueIdentifier>
    </Filter>
    <Filter Include="base">
      <UniqueIdentifier>{667045c1-e747-4f73-bea6-4fbac2388892}</UniqueIdentifier>
    </Filter>
  </ItemGroup>
  <ItemGroup>
    <ClInclude Include="CurvesImporter3DF.h">
      <Filter>Header</Filter>
    </ClInclude>
    <ClInclude Include="SegmentKey3DF.h">
      <Filter>Header</Filter>
    </ClInclude>
    <ClInclude Include="ImageRepository3DF.h">
      <Filter>Header</Filter>
    </ClInclude>
    <ClInclude Include="TextureRepository3DF.h">
      <Filter>Header</Filter>
    </ClInclude>
    <ClInclude Include="StyleRepository3DF.h">
      <Filter>Header</Filter>
    </ClInclude>
    <ClInclude Include="SegmentOrganizer3DF.h">
      <Filter>Header</Filter>
    </ClInclude>
    <ClInclude Include="ShellImporter3DF.h">
      <Filter>Header</Filter>
    </ClInclude>
    <ClInclude Include="PolylinesImporter3DF.h">
      <Filter>Header</Filter>
    </ClInclude>
    <ClInclude Include="HIOUtilitySKP.h">
      <Filter>Header</Filter>
    </ClInclude>
    <ClInclude Include="LinesImporter3DF.h">
      <Filter>Header</Filter>
    </ClInclude>
    <ClInclude Include="ImageTexturedShellImporter3DF.h">
      <Filter>Header</Filter>
    </ClInclude>
    <ClInclude Include="GroupRepository3DF.h">
      <Filter>Header</Filter>
    </ClInclude>
    <ClInclude Include="GeometryImporter3DF.h">
      <Filter>Header</Filter>
    </ClInclude>
    <ClInclude Include="DefinitionRepository3DF.h">
      <Filter>Header</Filter>
    </ClInclude>
    <ClInclude Include="DefinitionInstancesImporter3DF.h">
      <Filter>Header</Filter>
    </ClInclude>
    <ClInclude Include="ModelImporter3DF.h">
      <Filter>Header</Filter>
    </ClInclude>
    <ClInclude Include="SmartSegment.h">
      <Filter>Header</Filter>
    </ClInclude>
    <ClInclude Include="Utilities3DF.h">
      <Filter>Header</Filter>
    </ClInclude>
    <ClInclude Include="..\..\base_skp\source\CurvesImporter.h">
      <Filter>base</Filter>
    </ClInclude>
    <ClInclude Include="..\..\base_skp\source\data_types.h">
      <Filter>base</Filter>
    </ClInclude>
    <ClInclude Include="..\..\base_skp\source\DefinitionInstancesImporter.h">
      <Filter>base</Filter>
    </ClInclude>
    <ClInclude Include="..\..\base_skp\source\DefinitionRepository.h">
      <Filter>base</Filter>
    </ClInclude>
    <ClInclude Include="..\..\base_skp\source\Exception.h">
      <Filter>base</Filter>
    </ClInclude>
    <ClInclude Include="..\..\base_skp\source\GeometryImporter.h">
      <Filter>base</Filter>
    </ClInclude>
    <ClInclude Include="..\..\base_skp\source\GroupRepository.h">
      <Filter>base</Filter>
    </ClInclude>
    <ClInclude Include="..\..\base_skp\source\ImageRepository.h">
      <Filter>base</Filter>
    </ClInclude>
    <ClInclude Include="..\..\base_skp\source\ImageTexturedShellImporter.h">
      <Filter>base</Filter>
    </ClInclude>
    <ClInclude Include="..\..\base_skp\source\InheritanceManager.h">
      <Filter>base</Filter>
    </ClInclude>
    <ClInclude Include="..\..\base_skp\source\LinesImporter.h">
      <Filter>base</Filter>
    </ClInclude>
    <ClInclude Include="..\..\base_skp\source\ModelImporter.h">
      <Filter>base</Filter>
    </ClInclude>
    <ClInclude Include="..\..\base_skp\source\PolylinesImporter.h">
      <Filter>base</Filter>
    </ClInclude>
    <ClInclude Include="..\..\base_skp\source\SegmentKey.h">
      <Filter>base</Filter>
    </ClInclude>
    <ClInclude Include="..\..\base_skp\source\SegmentOrganizer.h">
      <Filter>base</Filter>
    </ClInclude>
    <ClInclude Include="..\..\base_skp\source\ShellImporter.h">
      <Filter>base</Filter>
    </ClInclude>
    <ClInclude Include="..\..\base_skp\source\SketchUpApi.h">
      <Filter>base</Filter>
    </ClInclude>
    <ClInclude Include="..\..\base_skp\source\SmartSuRef.h">
      <Filter>base</Filter>
    </ClInclude>
    <ClInclude Include="..\..\base_skp\source\StyleRepository.h">
      <Filter>base</Filter>
    </ClInclude>
    <ClInclude Include="..\..\base_skp\source\TempDirectory.h">
      <Filter>base</Filter>
    </ClInclude>
    <ClInclude Include="..\..\base_skp\source\TextureRepository.h">
      <Filter>base</Filter>
    </ClInclude>
    <ClInclude Include="..\..\base_skp\source\TextureWriter.h">
      <Filter>base</Filter>
    </ClInclude>
    <ClInclude Include="..\..\base_skp\source\Utilities.h">
      <Filter>base</Filter>
    </ClInclude>
    <ClInclude Include="..\..\base_skp\source\VisibilityChecker.h">
      <Filter>base</Filter>
    </ClInclude>
  </ItemGroup>
  <ItemGroup>
    <ClCompile Include="HIOUtilitySKP.cpp">
      <Filter>Source</Filter>
    </ClCompile>
    <ClCompile Include="CurvesImporter3DF.cpp">
      <Filter>Source</Filter>
    </ClCompile>
    <ClCompile Include="SegmentKey3DF.cpp">
      <Filter>Source</Filter>
    </ClCompile>
    <ClCompile Include="ImageRepository3DF.cpp">
      <Filter>Source</Filter>
    </ClCompile>
    <ClCompile Include="TextureRepository3DF.cpp">
      <Filter>Source</Filter>
    </ClCompile>
    <ClCompile Include="StyleRepository3DF.cpp">
      <Filter>Source</Filter>
    </ClCompile>
    <ClCompile Include="SegmentOrganizer3DF.cpp">
      <Filter>Source</Filter>
    </ClCompile>
    <ClCompile Include="ShellImporter3DF.cpp">
      <Filter>Source</Filter>
    </ClCompile>
    <ClCompile Include="PolylinesImporter3DF.cpp">
      <Filter>Source</Filter>
    </ClCompile>
    <ClCompile Include="LinesImporter3DF.cpp">
      <Filter>Source</Filter>
    </ClCompile>
    <ClCompile Include="ImageTexturedShellImporter3DF.cpp">
      <Filter>Source</Filter>
    </ClCompile>
    <ClCompile Include="GroupRepository3DF.cpp">
      <Filter>Source</Filter>
    </ClCompile>
    <ClCompile Include="GeometryImporter3DF.cpp">
      <Filter>Source</Filter>
    </ClCompile>
    <ClCompile Include="DefinitionRepository3DF.cpp">
      <Filter>Source</Filter>
    </ClCompile>
    <ClCompile Include="DefinitionInstancesImporter3DF.cpp">
      <Filter>Source</Filter>
    </ClCompile>
    <ClCompile Include="ModelImporter3DF.cpp">
      <Filter>Source</Filter>
    </ClCompile>
    <ClCompile Include="Utilities3DF.cpp">
      <Filter>Source</Filter>
    </ClCompile>
  </ItemGroup>
</Project>