<?xml version="1.0" encoding="utf-8"?>
<Project ToolsVersion="4.0" xmlns="http://schemas.microsoft.com/developer/msbuild/2003">
  <ItemGroup>
    <Filter Include="Source Files">
      <UniqueIdentifier>{4FC737F1-C7A5-4376-A066-2A32D752A2FF}</UniqueIdentifier>
      <Extensions>cpp;c;cc;cxx;def;odl;idl;hpj;bat;asm;asmx</Extensions>
    </Filter>
    <Filter Include="Header Files">
      <UniqueIdentifier>{93995380-89BD-4b04-88EB-625FBE52EBFB}</UniqueIdentifier>
      <Extensions>h;hpp;hxx;hm;inl;inc;xsd</Extensions>
    </Filter>
    <Filter Include="Resource Files">
      <UniqueIdentifier>{67DA6AB6-F800-4c08-8B7A-83BB121AAD01}</UniqueIdentifier>
      <Extensions>rc;ico;cur;bmp;dlg;rc2;rct;bin;rgs;gif;jpg;jpeg;jpe;resx;tiff;tif;png;wav</Extensions>
    </Filter>
  </ItemGroup>
  <ItemGroup>
    <ClCompile Include="OOCPointList.cpp">
      <Filter>Source Files</Filter>
    </ClCompile>
    <ClCompile Include="PointCloud.cpp">
      <Filter>Source Files</Filter>
    </ClCompile>
    <ClCompile Include="PointCloudCommon.cpp">
      <Filter>Source Files</Filter>
    </ClCompile>
    <ClCompile Include="PointCloudData.cpp">
      <Filter>Source Files</Filter>
    </ClCompile>
    <ClCompile Include="PointCloudIndex.cpp">
      <Filter>Source Files</Filter>
    </ClCompile>
    <ClCompile Include="PointCloudMasterNode.cpp">
      <Filter>Source Files</Filter>
    </ClCompile>
    <ClCompile Include="PointCloudNode.cpp">
      <Filter>Source Files</Filter>
    </ClCompile>
    <ClCompile Include="PointCloudNodeRandomized.cpp">
      <Filter>Source Files</Filter>
    </ClCompile>
    <ClCompile Include="PointCloudStreamFileToolkit.cpp">
      <Filter>Source Files</Filter>
    </ClCompile>
    <ClCompile Include="StreamFilePointContainer.cpp">
      <Filter>Source Files</Filter>
    </ClCompile>
    <ClCompile Include="OOCT.cpp">
      <Filter>Source Files</Filter>
    </ClCompile>
    <ClCompile Include="OOCTCommon.cpp">
      <Filter>Source Files</Filter>
    </ClCompile>
    <ClCompile Include="Misc.cpp">
      <Filter>Source Files</Filter>
    </ClCompile>
    <ClCompile Include="NodeDelta.cpp">
      <Filter>Source Files</Filter>
    </ClCompile>
    <ClCompile Include="NodeDeltaIO.cpp">
      <Filter>Source Files</Filter>
    </ClCompile>
    <ClCompile Include="PointCloudAPI.cpp">
      <Filter>Source Files</Filter>
    </ClCompile>
    <ClCompile Include="Rand.cpp">
      <Filter>Source Files</Filter>
    </ClCompile>
    <ClCompile Include="Thread.cpp">
      <Filter>Source Files</Filter>
    </ClCompile>
    <ClCompile Include="LoadNodeThread.cpp">
      <Filter>Source Files</Filter>
    </ClCompile>
  </ItemGroup>
  <ItemGroup>
    <ClInclude Include="OOCPointList.h">
      <Filter>Header Files</Filter>
    </ClInclude>
    <ClInclude Include="PointCloud.h">
      <Filter>Header Files</Filter>
    </ClInclude>
    <ClInclude Include="PointCloudCommon.h">
      <Filter>Header Files</Filter>
    </ClInclude>
    <ClInclude Include="PointCloudData.h">
      <Filter>Header Files</Filter>
    </ClInclude>
    <ClInclude Include="PointCloudIndex.h">
      <Filter>Header Files</Filter>
    </ClInclude>
    <ClInclude Include="PointCloudMasterNode.h">
      <Filter>Header Files</Filter>
    </ClInclude>
    <ClInclude Include="PointCloudNode.h">
      <Filter>Header Files</Filter>
    </ClInclude>
    <ClInclude Include="PointCloudNodeRandomized.h">
      <Filter>Header Files</Filter>
    </ClInclude>
    <ClInclude Include="PointCloudStreamFileToolkit.h">
      <Filter>Header Files</Filter>
    </ClInclude>
    <ClInclude Include="StreamFilePointContainer.h">
      <Filter>Header Files</Filter>
    </ClInclude>
    <ClInclude Include="OOCT.h">
      <Filter>Header Files</Filter>
    </ClInclude>
    <ClInclude Include="OOCTCommon.h">
      <Filter>Header Files</Filter>
    </ClInclude>
    <ClInclude Include="GetData_PutData.h">
      <Filter>Header Files</Filter>
    </ClInclude>
    <ClInclude Include="Misc.h">
      <Filter>Header Files</Filter>
    </ClInclude>
    <ClInclude Include="NodeDelta.h">
      <Filter>Header Files</Filter>
    </ClInclude>
    <ClInclude Include="NodeDeltaIO.h">
      <Filter>Header Files</Filter>
    </ClInclude>
    <ClInclude Include="PointCloudAPI.h">
      <Filter>Header Files</Filter>
    </ClInclude>
    <ClInclude Include="Rand.h">
      <Filter>Header Files</Filter>
    </ClInclude>
    <ClInclude Include="PointCloudUserIndices.h">
      <Filter>Header Files</Filter>
    </ClInclude>
    <ClInclude Include="Thread.h">
      <Filter>Header Files</Filter>
    </ClInclude>
    <ClInclude Include="LoadNodeThread.h">
      <Filter>Header Files</Filter>
    </ClInclude>
  </ItemGroup>
</Project>