<?xml version="1.0" encoding="utf-8"?>
<Project ToolsVersion="4.0" xmlns="http://schemas.microsoft.com/developer/msbuild/2003">
  <ItemGroup>
    <Filter Include="Source Files">
      <UniqueIdentifier>{ba1fcbb8-39ce-4bbd-b803-815e4cb94a0e}</UniqueIdentifier>
      <Extensions>cpp;c;cxx;rc;def;r;odl;idl;hpj;bat</Extensions>
    </Filter>
    <Filter Include="Header Files">
      <UniqueIdentifier>{fdfd8bb5-9c24-4820-a5a1-87004a2b3644}</UniqueIdentifier>
      <Extensions>h;hpp;hxx;hm;inl</Extensions>
    </Filter>
  </ItemGroup>
  <ItemGroup>
    <ClCompile Include="cache_memory_object.cpp">
      <Filter>Source Files</Filter>
    </ClCompile>
    <ClCompile Include="tempfile_utils.cpp">
      <Filter>Source Files</Filter>
    </ClCompile>
    <ClCompile Include="utf_utils.cpp">
      <Filter>Source Files</Filter>
    </ClCompile>
    <ClCompile Include="vconf.cpp">
      <Filter>Source Files</Filter>
    </ClCompile>
    <ClCompile Include="vdlist.cpp">
      <Filter>Source Files</Filter>
    </ClCompile>
    <ClCompile Include="vhash.cpp">
      <Filter>Source Files</Filter>
    </ClCompile>
    <ClCompile Include="vlist.cpp">
      <Filter>Source Files</Filter>
    </ClCompile>
    <ClCompile Include="vlogfile.cpp">
      <Filter>Source Files</Filter>
    </ClCompile>
  </ItemGroup>
  <ItemGroup>
    <ClInclude Include="cache_memory_object.h">
      <Filter>Header Files</Filter>
    </ClInclude>
    <ClInclude Include="tempfile_utils.h">
      <Filter>Header Files</Filter>
    </ClInclude>
    <ClInclude Include="utf_utils.h">
      <Filter>Header Files</Filter>
    </ClInclude>
    <ClInclude Include="varray.h">
      <Filter>Header Files</Filter>
    </ClInclude>
    <ClInclude Include="vheap.h">
      <Filter>Header Files</Filter>
    </ClInclude>
    <ClInclude Include="vbsp.h">
      <Filter>Header Files</Filter>
    </ClInclude>
    <ClInclude Include="vconf.h">
      <Filter>Header Files</Filter>
    </ClInclude>
    <ClInclude Include="vdlist.h">
      <Filter>Header Files</Filter>
    </ClInclude>
    <ClInclude Include="vhash.h">
      <Filter>Header Files</Filter>
    </ClInclude>
    <ClInclude Include="vlist.h">
      <Filter>Header Files</Filter>
    </ClInclude>
    <ClInclude Include="vlogfile.h">
      <Filter>Header Files</Filter>
    </ClInclude>
  </ItemGroup>
</Project>